# THIS IS AN AUTOGENERATED FILE. DO NOT EDIT THIS FILE DIRECTLY.
# yarn lockfile v1


"@types/lodash.throttle@^4.1.6":
  version "4.1.6"
  resolved "https://registry.yarnpkg.com/@types/lodash.throttle/-/lodash.throttle-4.1.6.tgz#f5ba2c22244ee42ff6c2c49e614401a870c1009c"
  integrity sha512-/UIH96i/sIRYGC60NoY72jGkCJtFN5KVPhEMMMTjol65effe1gPn0tycJqV5tlSwMTzX8FqzB5yAj0rfGHTPNg==
  dependencies:
    "@types/lodash" "*"

"@types/lodash@*":
  version "4.14.158"
  resolved "https://registry.yarnpkg.com/@types/lodash/-/lodash-4.14.158.tgz#b38ea8b6fe799acd076d7a8d7ab71c26ef77f785"
  integrity sha512-InCEXJNTv/59yO4VSfuvNrZHt7eeNtWQEgnieIA+mIC+MOWM9arOWG2eQ8Vhk6NbOre6/BidiXhkZYeDY9U35w==

lodash.throttle@^4.1.1:
  version "4.1.1"
  resolved "https://registry.yarnpkg.com/lodash.throttle/-/lodash.throttle-4.1.1.tgz#c23e91b710242ac70c37f1e1cda9274cc39bf2f4"
  integrity sha1-wj6RtxAkKscMN/HhzaknTMOb8vQ=
